{
  "name": "backbone.infiniscroll",
  "version": "1.0.0",
  "lockfileVersion": 1,
  "dependencies": {
    "backbone": {
      "version": "1.0.0",
      "resolved": "https://registry.npmjs.org/backbone/-/backbone-1.0.0.tgz",
      "integrity": "sha1-XhRuHvqKU2FGLleDd8Oe0PFrC0w="
    },
    "underscore": {
      "version": "1.8.3",
      "resolved": "https://registry.npmjs.org/underscore/-/underscore-1.8.3.tgz",
      "integrity": "sha1-Tz+1OxBuYJf8+ctBCfKl6b36UCI="
    }
  }
}
